
Microsoft Visual Studio Solution File, Format Version 12.00
# Visual Studio Version 17
VisualStudioVersion = 17.0.31903.59
MinimumVisualStudioVersion = 10.0.40219.1
Project("{2150E333-8FDC-42A3-9474-1A3956D46DE8}") = "2_CoreApp", "2_CoreApp", "{F2ECBC3B-5724-4301-B764-8E69CBF571C1}"
EndProject
Project("{FAE04EC0-301F-11D3-BF4B-00C04F79EFBC}") = "CoreApp", "2_CoreApp\CoreApp\CoreApp.csproj", "{50E38AB9-5E49-4C27-BFDF-E6404B9744E1}"
EndProject
Project("{2150E333-8FDC-42A3-9474-1A3956D46DE8}") = "3_WebAPI", "3_WebAPI", "{19E9E350-470E-4456-A1BF-BED57CC5D122}"
EndProject
Project("{FAE04EC0-301F-11D3-BF4B-00C04F79EFBC}") = "WebAPI", "3_WebAPI\WebAPI\WebAPI.csproj", "{8057A14B-7452-4ECB-9FD3-211DB3CAAF78}"
EndProject
Project("{2150E333-8FDC-42A3-9474-1A3956D46DE8}") = "4_WebApp", "4_WebApp", "{8054E850-2F84-45EF-B91F-F97C67BB0390}"
EndProject
Project("{FAE04EC0-301F-11D3-BF4B-00C04F79EFBC}") = "WebApp", "4_WebApp\WebApp\WebApp.csproj", "{2C683E7B-9E36-4A10-B89C-233CC61FB9BA}"
EndProject
Project("{FAE04EC0-301F-11D3-BF4B-00C04F79EFBC}") = "ConsoleApp", "ConsoleApp\ConsoleApp.csproj", "{49946406-4C88-4A07-83F0-D827C2F84D4F}"
EndProject
Project("{FAE04EC0-301F-11D3-BF4B-00C04F79EFBC}") = "DataAccess", "1_DataAccess\DataAccess.csproj", "{5E7AC628-5CFA-471C-BF24-2D16FA82E530}"
EndProject
Project("{FAE04EC0-301F-11D3-BF4B-00C04F79EFBC}") = "CoreApp", "2_CoreApp\CoreApp.csproj", "{40FDFF5A-C3AE-44BC-827B-3BFC2EE9ABB5}"
EndProject
Project("{FAE04EC0-301F-11D3-BF4B-00C04F79EFBC}") = "WebAPI", "3_WebAPI\WebAPI.csproj", "{586CB0B0-BCA7-48F4-B0CC-913E946801B8}"
EndProject
Project("{FAE04EC0-301F-11D3-BF4B-00C04F79EFBC}") = "WebApp", "4_WebApp\WebApp.csproj", "{C4FF81E2-D114-4123-B023-B8A4B82DA9B6}"
EndProject
Project("{2150E333-8FDC-42A3-9474-1A3956D46DE8}") = "9_Tests", "9_Tests", "{D2E23DB6-CBFE-4C7B-BD70-66CA39DF32EF}"
EndProject
Project("{FAE04EC0-301F-11D3-BF4B-00C04F79EFBC}") = "ConsoleApp", "9_Tests\ConsoleApp\ConsoleApp.csproj", "{10153647-1E1D-4CFE-AE41-38D643EC1542}"
EndProject
Project("{FAE04EC0-301F-11D3-BF4B-00C04F79EFBC}") = "DTO", "DTO\DTO.csproj", "{8F912655-F7F6-4F63-9A1A-CF996F7EE4F5}"
EndProject
Global
	GlobalSection(SolutionConfigurationPlatforms) = preSolution
		Debug|Any CPU = Debug|Any CPU
		Release|Any CPU = Release|Any CPU
	EndGlobalSection
	GlobalSection(SolutionProperties) = preSolution
		HideSolutionNode = FALSE
	EndGlobalSection
	GlobalSection(ProjectConfigurationPlatforms) = postSolution
		{50E38AB9-5E49-4C27-BFDF-E6404B9744E1}.Debug|Any CPU.ActiveCfg = Debug|Any CPU
		{50E38AB9-5E49-4C27-BFDF-E6404B9744E1}.Debug|Any CPU.Build.0 = Debug|Any CPU
		{50E38AB9-5E49-4C27-BFDF-E6404B9744E1}.Release|Any CPU.ActiveCfg = Release|Any CPU
		{50E38AB9-5E49-4C27-BFDF-E6404B9744E1}.Release|Any CPU.Build.0 = Release|Any CPU
		{8057A14B-7452-4ECB-9FD3-211DB3CAAF78}.Debug|Any CPU.ActiveCfg = Debug|Any CPU
		{8057A14B-7452-4ECB-9FD3-211DB3CAAF78}.Debug|Any CPU.Build.0 = Debug|Any CPU
		{8057A14B-7452-4ECB-9FD3-211DB3CAAF78}.Release|Any CPU.ActiveCfg = Release|Any CPU
		{8057A14B-7452-4ECB-9FD3-211DB3CAAF78}.Release|Any CPU.Build.0 = Release|Any CPU
		{2C683E7B-9E36-4A10-B89C-233CC61FB9BA}.Debug|Any CPU.ActiveCfg = Debug|Any CPU
		{2C683E7B-9E36-4A10-B89C-233CC61FB9BA}.Debug|Any CPU.Build.0 = Debug|Any CPU
		{2C683E7B-9E36-4A10-B89C-233CC61FB9BA}.Release|Any CPU.ActiveCfg = Release|Any CPU
		{2C683E7B-9E36-4A10-B89C-233CC61FB9BA}.Release|Any CPU.Build.0 = Release|Any CPU
		{49946406-4C88-4A07-83F0-D827C2F84D4F}.Debug|Any CPU.ActiveCfg = Debug|Any CPU
		{49946406-4C88-4A07-83F0-D827C2F84D4F}.Debug|Any CPU.Build.0 = Debug|Any CPU
		{49946406-4C88-4A07-83F0-D827C2F84D4F}.Release|Any CPU.ActiveCfg = Release|Any CPU
		{49946406-4C88-4A07-83F0-D827C2F84D4F}.Release|Any CPU.Build.0 = Release|Any CPU
		{5E7AC628-5CFA-471C-BF24-2D16FA82E530}.Debug|Any CPU.ActiveCfg = Debug|Any CPU
		{5E7AC628-5CFA-471C-BF24-2D16FA82E530}.Debug|Any CPU.Build.0 = Debug|Any CPU
		{5E7AC628-5CFA-471C-BF24-2D16FA82E530}.Release|Any CPU.ActiveCfg = Release|Any CPU
		{5E7AC628-5CFA-471C-BF24-2D16FA82E530}.Release|Any CPU.Build.0 = Release|Any CPU
		{40FDFF5A-C3AE-44BC-827B-3BFC2EE9ABB5}.Debug|Any CPU.ActiveCfg = Debug|Any CPU
		{40FDFF5A-C3AE-44BC-827B-3BFC2EE9ABB5}.Debug|Any CPU.Build.0 = Debug|Any CPU
		{40FDFF5A-C3AE-44BC-827B-3BFC2EE9ABB5}.Release|Any CPU.ActiveCfg = Release|Any CPU
		{40FDFF5A-C3AE-44BC-827B-3BFC2EE9ABB5}.Release|Any CPU.Build.0 = Release|Any CPU
		{586CB0B0-BCA7-48F4-B0CC-913E946801B8}.Debug|Any CPU.ActiveCfg = Debug|Any CPU
		{586CB0B0-BCA7-48F4-B0CC-913E946801B8}.Debug|Any CPU.Build.0 = Debug|Any CPU
		{586CB0B0-BCA7-48F4-B0CC-913E946801B8}.Release|Any CPU.ActiveCfg = Release|Any CPU
		{586CB0B0-BCA7-48F4-B0CC-913E946801B8}.Release|Any CPU.Build.0 = Release|Any CPU
		{C4FF81E2-D114-4123-B023-B8A4B82DA9B6}.Debug|Any CPU.ActiveCfg = Debug|Any CPU
		{C4FF81E2-D114-4123-B023-B8A4B82DA9B6}.Debug|Any CPU.Build.0 = Debug|Any CPU
		{C4FF81E2-D114-4123-B023-B8A4B82DA9B6}.Release|Any CPU.ActiveCfg = Release|Any CPU
		{C4FF81E2-D114-4123-B023-B8A4B82DA9B6}.Release|Any CPU.Build.0 = Release|Any CPU
		{10153647-1E1D-4CFE-AE41-38D643EC1542}.Debug|Any CPU.ActiveCfg = Debug|Any CPU
		{10153647-1E1D-4CFE-AE41-38D643EC1542}.Debug|Any CPU.Build.0 = Debug|Any CPU
		{10153647-1E1D-4CFE-AE41-38D643EC1542}.Release|Any CPU.ActiveCfg = Release|Any CPU
		{10153647-1E1D-4CFE-AE41-38D643EC1542}.Release|Any CPU.Build.0 = Release|Any CPU
		{8F912655-F7F6-4F63-9A1A-CF996F7EE4F5}.Debug|Any CPU.ActiveCfg = Debug|Any CPU
		{8F912655-F7F6-4F63-9A1A-CF996F7EE4F5}.Debug|Any CPU.Build.0 = Debug|Any CPU
		{8F912655-F7F6-4F63-9A1A-CF996F7EE4F5}.Release|Any CPU.ActiveCfg = Release|Any CPU
		{8F912655-F7F6-4F63-9A1A-CF996F7EE4F5}.Release|Any CPU.Build.0 = Release|Any CPU
	EndGlobalSection
	GlobalSection(NestedProjects) = preSolution
		{50E38AB9-5E49-4C27-BFDF-E6404B9744E1} = {F2ECBC3B-5724-4301-B764-8E69CBF571C1}
		{8057A14B-7452-4ECB-9FD3-211DB3CAAF78} = {19E9E350-470E-4456-A1BF-BED57CC5D122}
		{2C683E7B-9E36-4A10-B89C-233CC61FB9BA} = {8054E850-2F84-45EF-B91F-F97C67BB0390}
		{10153647-1E1D-4CFE-AE41-38D643EC1542} = {D2E23DB6-CBFE-4C7B-BD70-66CA39DF32EF}
	EndGlobalSection
EndGlobal
