
Microsoft Visual Studio Solution File, Format Version 12.00
# Visual Studio Version 17
VisualStudioVersion = 17.0.31903.59
MinimumVisualStudioVersion = 10.0.40219.1
Project("{FAE04EC0-301F-11D3-BF4B-00C04F79EFBC}") = "DataAccess", "1_DataAccess\DataAccess.csproj", "{B5C1BFBA-A7C0-4B82-B1F4-2D613B649C6B}"
EndProject
Project("{FAE04EC0-301F-11D3-BF4B-00C04F79EFBC}") = "WebApp", "4_WebApp\WebApp.csproj", "{5210D4DC-0408-4971-9213-EBBAA428146F}"
EndProject
Project("{2150E333-8FDC-42A3-9474-1A3956D46DE8}") = "9_Tests", "9_Tests", "{DB7ED941-7C9A-4067-BE69-28AF4A23E6CD}"
EndProject
Project("{FAE04EC0-301F-11D3-BF4B-00C04F79EFBC}") = "ConsoleApp", "9_Tests\ConsoleApp\ConsoleApp.csproj", "{2F4F1593-AECC-47F5-A4E2-1C8A1D83516B}"
EndProject
Project("{FAE04EC0-301F-11D3-BF4B-00C04F79EFBC}") = "DTO", "DTO\DTO.csproj", "{82C0CB04-B9D1-49A7-A91F-F2D15B9BC856}"
EndProject
Project("{FAE04EC0-301F-11D3-BF4B-00C04F79EFBC}") = "CoreApp", "2_CoreApp\CoreApp.csproj", "{37E5411D-0B6B-4843-BC9D-E3E15BE46324}"
EndProject
Project("{FAE04EC0-301F-11D3-BF4B-00C04F79EFBC}") = "WebAPI", "3_WebAPI\WebAPI.csproj", "{B48DC3CB-CC9B-43BE-8ACE-723A4C6A7AC3}"
EndProject
Global
	GlobalSection(SolutionConfigurationPlatforms) = preSolution
		Debug|Any CPU = Debug|Any CPU
		Release|Any CPU = Release|Any CPU
	EndGlobalSection
	GlobalSection(SolutionProperties) = preSolution
		HideSolutionNode = FALSE
	EndGlobalSection
	GlobalSection(ProjectConfigurationPlatforms) = postSolution
		{B5C1BFBA-A7C0-4B82-B1F4-2D613B649C6B}.Debug|Any CPU.ActiveCfg = Debug|Any CPU
		{B5C1BFBA-A7C0-4B82-B1F4-2D613B649C6B}.Debug|Any CPU.Build.0 = Debug|Any CPU
		{B5C1BFBA-A7C0-4B82-B1F4-2D613B649C6B}.Release|Any CPU.ActiveCfg = Release|Any CPU
		{B5C1BFBA-A7C0-4B82-B1F4-2D613B649C6B}.Release|Any CPU.Build.0 = Release|Any CPU
		{5210D4DC-0408-4971-9213-EBBAA428146F}.Debug|Any CPU.ActiveCfg = Debug|Any CPU
		{5210D4DC-0408-4971-9213-EBBAA428146F}.Debug|Any CPU.Build.0 = Debug|Any CPU
		{5210D4DC-0408-4971-9213-EBBAA428146F}.Release|Any CPU.ActiveCfg = Release|Any CPU
		{5210D4DC-0408-4971-9213-EBBAA428146F}.Release|Any CPU.Build.0 = Release|Any CPU
		{2F4F1593-AECC-47F5-A4E2-1C8A1D83516B}.Debug|Any CPU.ActiveCfg = Debug|Any CPU
		{2F4F1593-AECC-47F5-A4E2-1C8A1D83516B}.Debug|Any CPU.Build.0 = Debug|Any CPU
		{2F4F1593-AECC-47F5-A4E2-1C8A1D83516B}.Release|Any CPU.ActiveCfg = Release|Any CPU
		{2F4F1593-AECC-47F5-A4E2-1C8A1D83516B}.Release|Any CPU.Build.0 = Release|Any CPU
		{82C0CB04-B9D1-49A7-A91F-F2D15B9BC856}.Debug|Any CPU.ActiveCfg = Debug|Any CPU
		{82C0CB04-B9D1-49A7-A91F-F2D15B9BC856}.Debug|Any CPU.Build.0 = Debug|Any CPU
		{82C0CB04-B9D1-49A7-A91F-F2D15B9BC856}.Release|Any CPU.ActiveCfg = Release|Any CPU
		{82C0CB04-B9D1-49A7-A91F-F2D15B9BC856}.Release|Any CPU.Build.0 = Release|Any CPU
		{37E5411D-0B6B-4843-BC9D-E3E15BE46324}.Debug|Any CPU.ActiveCfg = Debug|Any CPU
		{37E5411D-0B6B-4843-BC9D-E3E15BE46324}.Debug|Any CPU.Build.0 = Debug|Any CPU
		{37E5411D-0B6B-4843-BC9D-E3E15BE46324}.Release|Any CPU.ActiveCfg = Release|Any CPU
		{37E5411D-0B6B-4843-BC9D-E3E15BE46324}.Release|Any CPU.Build.0 = Release|Any CPU
		{B48DC3CB-CC9B-43BE-8ACE-723A4C6A7AC3}.Debug|Any CPU.ActiveCfg = Debug|Any CPU
		{B48DC3CB-CC9B-43BE-8ACE-723A4C6A7AC3}.Debug|Any CPU.Build.0 = Debug|Any CPU
		{B48DC3CB-CC9B-43BE-8ACE-723A4C6A7AC3}.Release|Any CPU.ActiveCfg = Release|Any CPU
		{B48DC3CB-CC9B-43BE-8ACE-723A4C6A7AC3}.Release|Any CPU.Build.0 = Release|Any CPU
	EndGlobalSection
	GlobalSection(NestedProjects) = preSolution
		{2F4F1593-AECC-47F5-A4E2-1C8A1D83516B} = {DB7ED941-7C9A-4067-BE69-28AF4A23E6CD}
	EndGlobalSection
EndGlobal
